// !$*UTF8*$!
{
	archiveVersion = 1;
	classes = {
	};
	objectVersion = 50;
	objects = {

/* Begin PBXBuildFile section */
		C53C7176264353520040A121 /* AppDelegate.swift in Sources */ = {isa = PBXBuildFile; fileRef = C53C7175264353520040A121 /* AppDelegate.swift */; };
		C53C7178264353520040A121 /* SceneDelegate.swift in Sources */ = {isa = PBXBuildFile; fileRef = C53C7177264353520040A121 /* SceneDelegate.swift */; };
		C53C717A264353520040A121 /* IntroductionViewController.swift in Sources */ = {isa = PBXBuildFile; fileRef = C53C7179264353520040A121 /* IntroductionViewController.swift */; };
		C53C717D264353520040A121 /* Main.storyboard in Resources */ = {isa = PBXBuildFile; fileRef = C53C717B264353520040A121 /* Main.storyboard */; };
		C53C717F264353530040A121 /* Assets.xcassets in Resources */ = {isa = PBXBuildFile; fileRef = C53C717E264353530040A121 /* Assets.xcassets */; };
		C53C7182264353530040A121 /* LaunchScreen.storyboard in Resources */ = {isa = PBXBuildFile; fileRef = C53C7180264353530040A121 /* LaunchScreen.storyboard */; };
		C53C718B264361630040A121 /* QuestionViewController.swift in Sources */ = {isa = PBXBuildFile; fileRef = C53C718A264361630040A121 /* QuestionViewController.swift */; };
		C53C718E264361890040A121 /* ResultsViewController.swift in Sources */ = {isa = PBXBuildFile; fileRef = C53C718D264361890040A121 /* ResultsViewController.swift */; };
		C53C7192264365BF0040A121 /* Question.swift in Sources */ = {isa = PBXBuildFile; fileRef = C53C7191264365BF0040A121 /* Question.swift */; };
/* End PBXBuildFile section */

/* Begin PBXFileReference section */
		C53C7172264353520040A121 /* Carpenter-PersonalityQuiz.app */ = {isa = PBXFileReference; explicitFileType = wrapper.application; includeInIndex = 0; path = "Carpenter-PersonalityQuiz.app"; sourceTree = BUILT_PRODUCTS_DIR; };
		C53C7175264353520040A121 /* AppDelegate.swift */ = {isa = PBXFileReference; lastKnownFileType = sourcecode.swift; path = AppDelegate.swift; sourceTree = "<group>"; };
		C53C7177264353520040A121 /* SceneDelegate.swift */ = {isa = PBXFileReference; lastKnownFileType = sourcecode.swift; path = SceneDelegate.swift; sourceTree = "<group>"; };
		C53C7179264353520040A121 /* IntroductionViewController.swift */ = {isa = PBXFileReference; lastKnownFileType = sourcecode.swift; path = IntroductionViewController.swift; sourceTree = "<group>"; };
		C53C717C264353520040A121 /* Base */ = {isa = PBXFileReference; lastKnownFileType = file.storyboard; name = Base; path = Base.lproj/Main.storyboard; sourceTree = "<group>"; };
		C53C717E264353530040A121 /* Assets.xcassets */ = {isa = PBXFileReference; lastKnownFileType = folder.assetcatalog; path = Assets.xcassets; sourceTree = "<group>"; };
		C53C7181264353530040A121 /* Base */ = {isa = PBXFileReference; lastKnownFileType = file.storyboard; name = Base; path = Base.lproj/LaunchScreen.storyboard; sourceTree = "<group>"; };
		C53C7183264353530040A121 /* Info.plist */ = {isa = PBXFileReference; lastKnownFileType = text.plist.xml; path = Info.plist; sourceTree = "<group>"; };
		C53C718A264361630040A121 /* QuestionViewController.swift */ = {isa = PBXFileReference; lastKnownFileType = sourcecode.swift; path = QuestionViewController.swift; sourceTree = "<group>"; };
		C53C718D264361890040A121 /* ResultsViewController.swift */ = {isa = PBXFileReference; lastKnownFileType = sourcecode.swift; path = ResultsViewController.swift; sourceTree = "<group>"; };
		C53C7191264365BF0040A121 /* Question.swift */ = {isa = PBXFileReference; lastKnownFileType = sourcecode.swift; path = Question.swift; sourceTree = "<group>"; };
/* End PBXFileReference section */

/* Begin PBXFrameworksBuildPhase section */
		C53C716F264353520040A121 /* Frameworks */ = {
			isa = PBXFrameworksBuildPhase;
			buildActionMask = 2147483647;
			files = (
			);
			runOnlyForDeploymentPostprocessing = 0;
		};
/* End PBXFrameworksBuildPhase section */

/* Begin PBXGroup section */
		C53C7169264353520040A121 = {
			isa = PBXGroup;
			children = (
				C53C7174264353520040A121 /* Carpenter-PersonalityQuiz */,
				C53C7173264353520040A121 /* Products */,
			);
			sourceTree = "<group>";
		};
		C53C7173264353520040A121 /* Products */ = {
			isa = PBXGroup;
			children = (
				C53C7172264353520040A121 /* Carpenter-PersonalityQuiz.app */,
			);
			name = Products;
			sourceTree = "<group>";
		};
		C53C7174264353520040A121 /* Carpenter-PersonalityQuiz */ = {
			isa = PBXGroup;
			children = (
				C53C7175264353520040A121 /* AppDelegate.swift */,
				C53C7177264353520040A121 /* SceneDelegate.swift */,
				C53C7179264353520040A121 /* IntroductionViewController.swift */,
				C53C717B264353520040A121 /* Main.storyboard */,
				C53C7191264365BF0040A121 /* Question.swift */,
				C53C718A264361630040A121 /* QuestionViewController.swift */,
				C53C718D264361890040A121 /* ResultsViewController.swift */,
				C53C717E264353530040A121 /* Assets.xcassets */,
				C53C7180264353530040A121 /* LaunchScreen.storyboard */,
				C53C7183264353530040A121 /* Info.plist */,
			);
			path = "Carpenter-PersonalityQuiz";
			sourceTree = "<group>";
		};
/* End PBXGroup section */

/* Begin PBXNativeTarget section */
		C53C7171264353520040A121 /* Carpenter-PersonalityQuiz */ = {
			isa = PBXNativeTarget;
			buildConfigurationList = C53C7186264353530040A121 /* Build configuration list for PBXNativeTarget "Carpenter-PersonalityQuiz" */;
			buildPhases = (
				C53C716E264353520040A121 /* Sources */,
				C53C716F264353520040A121 /* Frameworks */,
				C53C7170264353520040A121 /* Resources */,
			);
			buildRules = (
			);
			dependencies = (
			);
			name = "Carpenter-PersonalityQuiz";
			productName = "Carpenter-PersonalityQuiz";
			productReference = C53C7172264353520040A121 /* Carpenter-PersonalityQuiz.app */;
			productType = "com.apple.product-type.application";
		};
/* End PBXNativeTarget section */

/* Begin PBXProject section */
		C53C716A264353520040A121 /* Project object */ = {
			isa = PBXProject;
			attributes = {
				LastSwiftUpdateCheck = 1230;
				LastUpgradeCheck = 1230;
				TargetAttributes = {
					C53C7171264353520040A121 = {
						CreatedOnToolsVersion = 12.3;
					};
				};
			};
			buildConfigurationList = C53C716D264353520040A121 /* Build configuration list for PBXProject "Carpenter-PersonalityQuiz" */;
			compatibilityVersion = "Xcode 9.3";
			developmentRegion = en;
			hasScannedForEncodings = 0;
			knownRegions = (
				en,
				Base,
			);
			mainGroup = C53C7169264353520040A121;
			productRefGroup = C53C7173264353520040A121 /* Products */;
			projectDirPath = "";
			projectRoot = "";
			targets = (
				C53C7171264353520040A121 /* Carpenter-PersonalityQuiz */,
			);
		};
/* End PBXProject section */

/* Begin PBXResourcesBuildPhase section */
		C53C7170264353520040A121 /* Resources */ = {
			isa = PBXResourcesBuildPhase;
			buildActionMask = 2147483647;
			files = (
				C53C7182264353530040A121 /* LaunchScreen.storyboard in Resources */,
				C53C717F264353530040A121 /* Assets.xcassets in Resources */,
				C53C717D264353520040A121 /* Main.storyboard in Resources */,
			);
			runOnlyForDeploymentPostprocessing = 0;
		};
/* End PBXResourcesBuildPhase section */

/* Begin PBXSourcesBuildPhase section */
		C53C716E264353520040A121 /* Sources */ = {
			isa = PBXSourcesBuildPhase;
			buildActionMask = 2147483647;
			files = (
				C53C717A264353520040A121 /* IntroductionViewController.swift in Sources */,
				C53C7176264353520040A121 /* AppDelegate.swift in Sources */,
				C53C718B264361630040A121 /* QuestionViewController.swift in Sources */,
				C53C7192264365BF0040A121 /* Question.swift in Sources */,
				C53C718E264361890040A121 /* ResultsViewController.swift in Sources */,
				C53C7178264353520040A121 /* SceneDelegate.swift in Sources */,
			);
			runOnlyForDeploymentPostprocessing = 0;
		};
/* End PBXSourcesBuildPhase section */

/* Begin PBXVariantGroup section */
		C53C717B264353520040A121 /* Main.storyboard */ = {
			isa = PBXVariantGroup;
			children = (
				C53C717C264353520040A121 /* Base */,
			);
			name = Main.storyboard;
			sourceTree = "<group>";
		};
		C53C7180264353530040A121 /* LaunchScreen.storyboard */ = {
			isa = PBXVariantGroup;
			children = (
				C53C7181264353530040A121 /* Base */,
			);
			name = LaunchScreen.storyboard;
			sourceTree = "<group>";
		};
/* End PBXVariantGroup section */

/* Begin XCBuildConfiguration section */
		C53C7184264353530040A121 /* Debug */ = {
			isa = XCBuildConfiguration;
			buildSettings = {
				ALWAYS_SEARCH_USER_PATHS = NO;
				CLANG_ANALYZER_NONNULL = YES;
				CLANG_ANALYZER_NUMBER_OBJECT_CONVERSION = YES_AGGRESSIVE;
				CLANG_CXX_LANGUAGE_STANDARD = "gnu++14";
				CLANG_CXX_LIBRARY = "libc++";
				CLANG_ENABLE_MODULES = YES;
				CLANG_ENABLE_OBJC_ARC = YES;
				CLANG_ENABLE_OBJC_WEAK = YES;
				CLANG_WARN_BLOCK_CAPTURE_AUTORELEASING = YES;
				CLANG_WARN_BOOL_CONVERSION = YES;
				CLANG_WARN_COMMA = YES;
				CLANG_WARN_CONSTANT_CONVERSION = YES;
				CLANG_WARN_DEPRECATED_OBJC_IMPLEMENTATIONS = YES;
				CLANG_WARN_DIRECT_OBJC_ISA_USAGE = YES_ERROR;
				CLANG_WARN_DOCUMENTATION_COMMENTS = YES;
				CLANG_WARN_EMPTY_BODY = YES;
				CLANG_WARN_ENUM_CONVERSION = YES;
				CLANG_WARN_INFINITE_RECURSION = YES;
				CLANG_WARN_INT_CONVERSION = YES;
				CLANG_WARN_NON_LITERAL_NULL_CONVERSION = YES;
				CLANG_WARN_OBJC_IMPLICIT_RETAIN_SELF = YES;
				CLANG_WARN_OBJC_LITERAL_CONVERSION = YES;
				CLANG_WARN_OBJC_ROOT_CLASS = YES_ERROR;
				CLANG_WARN_QUOTED_INCLUDE_IN_FRAMEWORK_HEADER = YES;
				CLANG_WARN_RANGE_LOOP_ANALYSIS = YES;
				CLANG_WARN_STRICT_PROTOTYPES = YES;
				CLANG_WARN_SUSPICIOUS_MOVE = YES;
				CLANG_WARN_UNGUARDED_AVAILABILITY = YES_AGGRESSIVE;
				CLANG_WARN_UNREACHABLE_CODE = YES;
				CLANG_WARN__DUPLICATE_METHOD_MATCH = YES;
				COPY_PHASE_STRIP = NO;
				DEBUG_INFORMATION_FORMAT = dwarf;
				ENABLE_STRICT_OBJC_MSGSEND = YES;
				ENABLE_TESTABILITY = YES;
				GCC_C_LANGUAGE_STANDARD = gnu11;
				GCC_DYNAMIC_NO_PIC = NO;
				GCC_NO_COMMON_BLOCKS = YES;
				GCC_OPTIMIZATION_LEVEL = 0;
				GCC_PREPROCESSOR_DEFINITIONS = (
					"DEBUG=1",
					"$(inherited)",
				);
				GCC_WARN_64_TO_32_BIT_CONVERSION = YES;
				GCC_WARN_ABOUT_RETURN_TYPE = YES_ERROR;
				GCC_WARN_UNDECLARED_SELECTOR = YES;
				GCC_WARN_UNINITIALIZED_AUTOS = YES_AGGRESSIVE;
				GCC_WARN_UNUSED_FUNCTION = YES;
				GCC_WARN_UNUSED_VARIABLE = YES;
				IPHONEOS_DEPLOYMENT_TARGET = 14.3;
				MTL_ENABLE_DEBUG_INFO = INCLUDE_SOURCE;
				MTL_FAST_MATH = YES;
				ONLY_ACTIVE_ARCH = YES;
				SDKROOT = iphoneos;
				SWIFT_ACTIVE_COMPILATION_CONDITIONS = DEBUG;
				SWIFT_OPTIMIZATION_LEVEL = "-Onone";
			};
			name = Debug;
		};
		C53C7185264353530040A121 /* Release */ = {
			isa = XCBuildConfiguration;
			buildSettings = {
				ALWAYS_SEARCH_USER_PATHS = NO;
				CLANG_ANALYZER_NONNULL = YES;
				CLANG_ANALYZER_NUMBER_OBJECT_CONVERSION = YES_AGGRESSIVE;
				CLANG_CXX_LANGUAGE_STANDARD = "gnu++14";
				CLANG_CXX_LIBRARY = "libc++";
				CLANG_ENABLE_MODULES = YES;
				CLANG_ENABLE_OBJC_ARC = YES;
				CLANG_ENABLE_OBJC_WEAK = YES;
				CLANG_WARN_BLOCK_CAPTURE_AUTORELEASING = YES;
				CLANG_WARN_BOOL_CONVERSION = YES;
				CLANG_WARN_COMMA = YES;
				CLANG_WARN_CONSTANT_CONVERSION = YES;
				CLANG_WARN_DEPRECATED_OBJC_IMPLEMENTATIONS = YES;
				CLANG_WARN_DIRECT_OBJC_ISA_USAGE = YES_ERROR;
				CLANG_WARN_DOCUMENTATION_COMMENTS = YES;
				CLANG_WARN_EMPTY_BODY = YES;
				CLANG_WARN_ENUM_CONVERSION = YES;
				CLANG_WARN_INFINITE_RECURSION = YES;
				CLANG_WARN_INT_CONVERSION = YES;
				CLANG_WARN_NON_LITERAL_NULL_CONVERSION = YES;
				CLANG_WARN_OBJC_IMPLICIT_RETAIN_SELF = YES;
				CLANG_WARN_OBJC_LITERAL_CONVERSION = YES;
				CLANG_WARN_OBJC_ROOT_CLASS = YES_ERROR;
				CLANG_WARN_QUOTED_INCLUDE_IN_FRAMEWORK_HEADER = YES;
				CLANG_WARN_RANGE_LOOP_ANALYSIS = YES;
				CLANG_WARN_STRICT_PROTOTYPES = YES;
				CLANG_WARN_SUSPICIOUS_MOVE = YES;
				CLANG_WARN_UNGUARDED_AVAILABILITY = YES_AGGRESSIVE;
				CLANG_WARN_UNREACHABLE_CODE = YES;
				CLANG_WARN__DUPLICATE_METHOD_MATCH = YES;
				COPY_PHASE_STRIP = NO;
				DEBUG_INFORMATION_FORMAT = "dwarf-with-dsym";
				ENABLE_NS_ASSERTIONS = NO;
				ENABLE_STRICT_OBJC_MSGSEND = YES;
				GCC_C_LANGUAGE_STANDARD = gnu11;
				GCC_NO_COMMON_BLOCKS = YES;
				GCC_WARN_64_TO_32_BIT_CONVERSION = YES;
				GCC_WARN_ABOUT_RETURN_TYPE = YES_ERROR;
				GCC_WARN_UNDECLARED_SELECTOR = YES;
				GCC_WARN_UNINITIALIZED_AUTOS = YES_AGGRESSIVE;
				GCC_WARN_UNUSED_FUNCTION = YES;
				GCC_WARN_UNUSED_VARIABLE = YES;
				IPHONEOS_DEPLOYMENT_TARGET = 14.3;
				MTL_ENABLE_DEBUG_INFO = NO;
				MTL_FAST_MATH = YES;
				SDKROOT = iphoneos;
				SWIFT_COMPILATION_MODE = wholemodule;
				SWIFT_OPTIMIZATION_LEVEL = "-O";
				VALIDATE_PRODUCT = YES;
			};
			name = Release;
		};
		C53C7187264353530040A121 /* Debug */ = {
			isa = XCBuildConfiguration;
			buildSettings = {
				ASSETCATALOG_COMPILER_APPICON_NAME = AppIcon;
				ASSETCATALOG_COMPILER_GLOBAL_ACCENT_COLOR_NAME = AccentColor;
				CODE_SIGN_STYLE = Automatic;
				INFOPLIST_FILE = "Carpenter-PersonalityQuiz/Info.plist";
				LD_RUNPATH_SEARCH_PATHS = (
					"$(inherited)",
					"@executable_path/Frameworks",
				);
				PRODUCT_BUNDLE_IDENTIFIER = "carpenter.Carpenter-PersonalityQuiz";
				PRODUCT_NAME = "$(TARGET_NAME)";
				SWIFT_VERSION = 5.0;
				TARGETED_DEVICE_FAMILY = "1,2";
			};
			name = Debug;
		};
		C53C7188264353530040A121 /* Release */ = {
			isa = XCBuildConfiguration;
			buildSettings = {
				ASSETCATALOG_COMPILER_APPICON_NAME = AppIcon;
				ASSETCATALOG_COMPILER_GLOBAL_ACCENT_COLOR_NAME = AccentColor;
				CODE_SIGN_STYLE = Automatic;
				INFOPLIST_FILE = "Carpenter-PersonalityQuiz/Info.plist";
				LD_RUNPATH_SEARCH_PATHS = (
					"$(inherited)",
					"@executable_path/Frameworks",
				);
				PRODUCT_BUNDLE_IDENTIFIER = "carpenter.Carpenter-PersonalityQuiz";
				PRODUCT_NAME = "$(TARGET_NAME)";
				SWIFT_VERSION = 5.0;
				TARGETED_DEVICE_FAMILY = "1,2";
			};
			name = Release;
		};
/* End XCBuildConfiguration section */

/* Begin XCConfigurationList section */
		C53C716D264353520040A121 /* Build configuration list for PBXProject "Carpenter-PersonalityQuiz" */ = {
			isa = XCConfigurationList;
			buildConfigurations = (
				C53C7184264353530040A121 /* Debug */,
				C53C7185264353530040A121 /* Release */,
			);
			defaultConfigurationIsVisible = 0;
			defaultConfigurationName = Release;
		};
		C53C7186264353530040A121 /* Build configuration list for PBXNativeTarget "Carpenter-PersonalityQuiz" */ = {
			isa = XCConfigurationList;
			buildConfigurations = (
				C53C7187264353530040A121 /* Debug */,
				C53C7188264353530040A121 /* Release */,
			);
			defaultConfigurationIsVisible = 0;
			defaultConfigurationName = Release;
		};
/* End XCConfigurationList section */
	};
	rootObject = C53C716A264353520040A121 /* Project object */;
}
