// !$*UTF8*$!
{
	archiveVersion = 1;
	classes = {
	};
	objectVersion = 50;
	objects = {

/* Begin PBXBuildFile section */
		C59CCA12263CD6A4003B20AF /* AppDelegate.swift in Sources */ = {isa = PBXBuildFile; fileRef = C59CCA11263CD6A4003B20AF /* AppDelegate.swift */; };
		C59CCA14263CD6A4003B20AF /* SceneDelegate.swift in Sources */ = {isa = PBXBuildFile; fileRef = C59CCA13263CD6A4003B20AF /* SceneDelegate.swift */; };
		C59CCA16263CD6A4003B20AF /* ViewController.swift in Sources */ = {isa = PBXBuildFile; fileRef = C59CCA15263CD6A4003B20AF /* ViewController.swift */; };
		C59CCA19263CD6A4003B20AF /* Main.storyboard in Resources */ = {isa = PBXBuildFile; fileRef = C59CCA17263CD6A4003B20AF /* Main.storyboard */; };
		C59CCA1B263CD6A6003B20AF /* Assets.xcassets in Resources */ = {isa = PBXBuildFile; fileRef = C59CCA1A263CD6A6003B20AF /* Assets.xcassets */; };
		C59CCA1E263CD6A6003B20AF /* LaunchScreen.storyboard in Resources */ = {isa = PBXBuildFile; fileRef = C59CCA1C263CD6A6003B20AF /* LaunchScreen.storyboard */; };
		C59CCA27263CD740003B20AF /* MiddleViewController.swift in Sources */ = {isa = PBXBuildFile; fileRef = C59CCA26263CD740003B20AF /* MiddleViewController.swift */; };
		C59CCA2A263CD78C003B20AF /* LastViewController.swift in Sources */ = {isa = PBXBuildFile; fileRef = C59CCA29263CD78C003B20AF /* LastViewController.swift */; };
/* End PBXBuildFile section */

/* Begin PBXFileReference section */
		C59CCA0E263CD6A4003B20AF /* Carpenter-OrderOfEvents.app */ = {isa = PBXFileReference; explicitFileType = wrapper.application; includeInIndex = 0; path = "Carpenter-OrderOfEvents.app"; sourceTree = BUILT_PRODUCTS_DIR; };
		C59CCA11263CD6A4003B20AF /* AppDelegate.swift */ = {isa = PBXFileReference; lastKnownFileType = sourcecode.swift; path = AppDelegate.swift; sourceTree = "<group>"; };
		C59CCA13263CD6A4003B20AF /* SceneDelegate.swift */ = {isa = PBXFileReference; lastKnownFileType = sourcecode.swift; path = SceneDelegate.swift; sourceTree = "<group>"; };
		C59CCA15263CD6A4003B20AF /* ViewController.swift */ = {isa = PBXFileReference; lastKnownFileType = sourcecode.swift; path = ViewController.swift; sourceTree = "<group>"; };
		C59CCA18263CD6A4003B20AF /* Base */ = {isa = PBXFileReference; lastKnownFileType = file.storyboard; name = Base; path = Base.lproj/Main.storyboard; sourceTree = "<group>"; };
		C59CCA1A263CD6A6003B20AF /* Assets.xcassets */ = {isa = PBXFileReference; lastKnownFileType = folder.assetcatalog; path = Assets.xcassets; sourceTree = "<group>"; };
		C59CCA1D263CD6A6003B20AF /* Base */ = {isa = PBXFileReference; lastKnownFileType = file.storyboard; name = Base; path = Base.lproj/LaunchScreen.storyboard; sourceTree = "<group>"; };
		C59CCA1F263CD6A6003B20AF /* Info.plist */ = {isa = PBXFileReference; lastKnownFileType = text.plist.xml; path = Info.plist; sourceTree = "<group>"; };
		C59CCA26263CD740003B20AF /* MiddleViewController.swift */ = {isa = PBXFileReference; lastKnownFileType = sourcecode.swift; path = MiddleViewController.swift; sourceTree = "<group>"; };
		C59CCA29263CD78C003B20AF /* LastViewController.swift */ = {isa = PBXFileReference; lastKnownFileType = sourcecode.swift; path = LastViewController.swift; sourceTree = "<group>"; };
/* End PBXFileReference section */

/* Begin PBXFrameworksBuildPhase section */
		C59CCA0B263CD6A4003B20AF /* Frameworks */ = {
			isa = PBXFrameworksBuildPhase;
			buildActionMask = 2147483647;
			files = (
			);
			runOnlyForDeploymentPostprocessing = 0;
		};
/* End PBXFrameworksBuildPhase section */

/* Begin PBXGroup section */
		C59CCA05263CD6A4003B20AF = {
			isa = PBXGroup;
			children = (
				C59CCA10263CD6A4003B20AF /* Carpenter-OrderOfEvents */,
				C59CCA0F263CD6A4003B20AF /* Products */,
			);
			sourceTree = "<group>";
		};
		C59CCA0F263CD6A4003B20AF /* Products */ = {
			isa = PBXGroup;
			children = (
				C59CCA0E263CD6A4003B20AF /* Carpenter-OrderOfEvents.app */,
			);
			name = Products;
			sourceTree = "<group>";
		};
		C59CCA10263CD6A4003B20AF /* Carpenter-OrderOfEvents */ = {
			isa = PBXGroup;
			children = (
				C59CCA11263CD6A4003B20AF /* AppDelegate.swift */,
				C59CCA13263CD6A4003B20AF /* SceneDelegate.swift */,
				C59CCA15263CD6A4003B20AF /* ViewController.swift */,
				C59CCA17263CD6A4003B20AF /* Main.storyboard */,
				C59CCA29263CD78C003B20AF /* LastViewController.swift */,
				C59CCA26263CD740003B20AF /* MiddleViewController.swift */,
				C59CCA1A263CD6A6003B20AF /* Assets.xcassets */,
				C59CCA1C263CD6A6003B20AF /* LaunchScreen.storyboard */,
				C59CCA1F263CD6A6003B20AF /* Info.plist */,
			);
			path = "Carpenter-OrderOfEvents";
			sourceTree = "<group>";
		};
/* End PBXGroup section */

/* Begin PBXNativeTarget section */
		C59CCA0D263CD6A4003B20AF /* Carpenter-OrderOfEvents */ = {
			isa = PBXNativeTarget;
			buildConfigurationList = C59CCA22263CD6A6003B20AF /* Build configuration list for PBXNativeTarget "Carpenter-OrderOfEvents" */;
			buildPhases = (
				C59CCA0A263CD6A4003B20AF /* Sources */,
				C59CCA0B263CD6A4003B20AF /* Frameworks */,
				C59CCA0C263CD6A4003B20AF /* Resources */,
			);
			buildRules = (
			);
			dependencies = (
			);
			name = "Carpenter-OrderOfEvents";
			productName = "Carpenter-OrderOfEvents";
			productReference = C59CCA0E263CD6A4003B20AF /* Carpenter-OrderOfEvents.app */;
			productType = "com.apple.product-type.application";
		};
/* End PBXNativeTarget section */

/* Begin PBXProject section */
		C59CCA06263CD6A4003B20AF /* Project object */ = {
			isa = PBXProject;
			attributes = {
				LastSwiftUpdateCheck = 1230;
				LastUpgradeCheck = 1230;
				TargetAttributes = {
					C59CCA0D263CD6A4003B20AF = {
						CreatedOnToolsVersion = 12.3;
					};
				};
			};
			buildConfigurationList = C59CCA09263CD6A4003B20AF /* Build configuration list for PBXProject "Carpenter-OrderOfEvents" */;
			compatibilityVersion = "Xcode 9.3";
			developmentRegion = en;
			hasScannedForEncodings = 0;
			knownRegions = (
				en,
				Base,
			);
			mainGroup = C59CCA05263CD6A4003B20AF;
			productRefGroup = C59CCA0F263CD6A4003B20AF /* Products */;
			projectDirPath = "";
			projectRoot = "";
			targets = (
				C59CCA0D263CD6A4003B20AF /* Carpenter-OrderOfEvents */,
			);
		};
/* End PBXProject section */

/* Begin PBXResourcesBuildPhase section */
		C59CCA0C263CD6A4003B20AF /* Resources */ = {
			isa = PBXResourcesBuildPhase;
			buildActionMask = 2147483647;
			files = (
				C59CCA1E263CD6A6003B20AF /* LaunchScreen.storyboard in Resources */,
				C59CCA1B263CD6A6003B20AF /* Assets.xcassets in Resources */,
				C59CCA19263CD6A4003B20AF /* Main.storyboard in Resources */,
			);
			runOnlyForDeploymentPostprocessing = 0;
		};
/* End PBXResourcesBuildPhase section */

/* Begin PBXSourcesBuildPhase section */
		C59CCA0A263CD6A4003B20AF /* Sources */ = {
			isa = PBXSourcesBuildPhase;
			buildActionMask = 2147483647;
			files = (
				C59CCA16263CD6A4003B20AF /* ViewController.swift in Sources */,
				C59CCA2A263CD78C003B20AF /* LastViewController.swift in Sources */,
				C59CCA12263CD6A4003B20AF /* AppDelegate.swift in Sources */,
				C59CCA14263CD6A4003B20AF /* SceneDelegate.swift in Sources */,
				C59CCA27263CD740003B20AF /* MiddleViewController.swift in Sources */,
			);
			runOnlyForDeploymentPostprocessing = 0;
		};
/* End PBXSourcesBuildPhase section */

/* Begin PBXVariantGroup section */
		C59CCA17263CD6A4003B20AF /* Main.storyboard */ = {
			isa = PBXVariantGroup;
			children = (
				C59CCA18263CD6A4003B20AF /* Base */,
			);
			name = Main.storyboard;
			sourceTree = "<group>";
		};
		C59CCA1C263CD6A6003B20AF /* LaunchScreen.storyboard */ = {
			isa = PBXVariantGroup;
			children = (
				C59CCA1D263CD6A6003B20AF /* Base */,
			);
			name = LaunchScreen.storyboard;
			sourceTree = "<group>";
		};
/* End PBXVariantGroup section */

/* Begin XCBuildConfiguration section */
		C59CCA20263CD6A6003B20AF /* Debug */ = {
			isa = XCBuildConfiguration;
			buildSettings = {
				ALWAYS_SEARCH_USER_PATHS = NO;
				CLANG_ANALYZER_NONNULL = YES;
				CLANG_ANALYZER_NUMBER_OBJECT_CONVERSION = YES_AGGRESSIVE;
				CLANG_CXX_LANGUAGE_STANDARD = "gnu++14";
				CLANG_CXX_LIBRARY = "libc++";
				CLANG_ENABLE_MODULES = YES;
				CLANG_ENABLE_OBJC_ARC = YES;
				CLANG_ENABLE_OBJC_WEAK = YES;
				CLANG_WARN_BLOCK_CAPTURE_AUTORELEASING = YES;
				CLANG_WARN_BOOL_CONVERSION = YES;
				CLANG_WARN_COMMA = YES;
				CLANG_WARN_CONSTANT_CONVERSION = YES;
				CLANG_WARN_DEPRECATED_OBJC_IMPLEMENTATIONS = YES;
				CLANG_WARN_DIRECT_OBJC_ISA_USAGE = YES_ERROR;
				CLANG_WARN_DOCUMENTATION_COMMENTS = YES;
				CLANG_WARN_EMPTY_BODY = YES;
				CLANG_WARN_ENUM_CONVERSION = YES;
				CLANG_WARN_INFINITE_RECURSION = YES;
				CLANG_WARN_INT_CONVERSION = YES;
				CLANG_WARN_NON_LITERAL_NULL_CONVERSION = YES;
				CLANG_WARN_OBJC_IMPLICIT_RETAIN_SELF = YES;
				CLANG_WARN_OBJC_LITERAL_CONVERSION = YES;
				CLANG_WARN_OBJC_ROOT_CLASS = YES_ERROR;
				CLANG_WARN_QUOTED_INCLUDE_IN_FRAMEWORK_HEADER = YES;
				CLANG_WARN_RANGE_LOOP_ANALYSIS = YES;
				CLANG_WARN_STRICT_PROTOTYPES = YES;
				CLANG_WARN_SUSPICIOUS_MOVE = YES;
				CLANG_WARN_UNGUARDED_AVAILABILITY = YES_AGGRESSIVE;
				CLANG_WARN_UNREACHABLE_CODE = YES;
				CLANG_WARN__DUPLICATE_METHOD_MATCH = YES;
				COPY_PHASE_STRIP = NO;
				DEBUG_INFORMATION_FORMAT = dwarf;
				ENABLE_STRICT_OBJC_MSGSEND = YES;
				ENABLE_TESTABILITY = YES;
				GCC_C_LANGUAGE_STANDARD = gnu11;
				GCC_DYNAMIC_NO_PIC = NO;
				GCC_NO_COMMON_BLOCKS = YES;
				GCC_OPTIMIZATION_LEVEL = 0;
				GCC_PREPROCESSOR_DEFINITIONS = (
					"DEBUG=1",
					"$(inherited)",
				);
				GCC_WARN_64_TO_32_BIT_CONVERSION = YES;
				GCC_WARN_ABOUT_RETURN_TYPE = YES_ERROR;
				GCC_WARN_UNDECLARED_SELECTOR = YES;
				GCC_WARN_UNINITIALIZED_AUTOS = YES_AGGRESSIVE;
				GCC_WARN_UNUSED_FUNCTION = YES;
				GCC_WARN_UNUSED_VARIABLE = YES;
				IPHONEOS_DEPLOYMENT_TARGET = 14.3;
				MTL_ENABLE_DEBUG_INFO = INCLUDE_SOURCE;
				MTL_FAST_MATH = YES;
				ONLY_ACTIVE_ARCH = YES;
				SDKROOT = iphoneos;
				SWIFT_ACTIVE_COMPILATION_CONDITIONS = DEBUG;
				SWIFT_OPTIMIZATION_LEVEL = "-Onone";
			};
			name = Debug;
		};
		C59CCA21263CD6A6003B20AF /* Release */ = {
			isa = XCBuildConfiguration;
			buildSettings = {
				ALWAYS_SEARCH_USER_PATHS = NO;
				CLANG_ANALYZER_NONNULL = YES;
				CLANG_ANALYZER_NUMBER_OBJECT_CONVERSION = YES_AGGRESSIVE;
				CLANG_CXX_LANGUAGE_STANDARD = "gnu++14";
				CLANG_CXX_LIBRARY = "libc++";
				CLANG_ENABLE_MODULES = YES;
				CLANG_ENABLE_OBJC_ARC = YES;
				CLANG_ENABLE_OBJC_WEAK = YES;
				CLANG_WARN_BLOCK_CAPTURE_AUTORELEASING = YES;
				CLANG_WARN_BOOL_CONVERSION = YES;
				CLANG_WARN_COMMA = YES;
				CLANG_WARN_CONSTANT_CONVERSION = YES;
				CLANG_WARN_DEPRECATED_OBJC_IMPLEMENTATIONS = YES;
				CLANG_WARN_DIRECT_OBJC_ISA_USAGE = YES_ERROR;
				CLANG_WARN_DOCUMENTATION_COMMENTS = YES;
				CLANG_WARN_EMPTY_BODY = YES;
				CLANG_WARN_ENUM_CONVERSION = YES;
				CLANG_WARN_INFINITE_RECURSION = YES;
				CLANG_WARN_INT_CONVERSION = YES;
				CLANG_WARN_NON_LITERAL_NULL_CONVERSION = YES;
				CLANG_WARN_OBJC_IMPLICIT_RETAIN_SELF = YES;
				CLANG_WARN_OBJC_LITERAL_CONVERSION = YES;
				CLANG_WARN_OBJC_ROOT_CLASS = YES_ERROR;
				CLANG_WARN_QUOTED_INCLUDE_IN_FRAMEWORK_HEADER = YES;
				CLANG_WARN_RANGE_LOOP_ANALYSIS = YES;
				CLANG_WARN_STRICT_PROTOTYPES = YES;
				CLANG_WARN_SUSPICIOUS_MOVE = YES;
				CLANG_WARN_UNGUARDED_AVAILABILITY = YES_AGGRESSIVE;
				CLANG_WARN_UNREACHABLE_CODE = YES;
				CLANG_WARN__DUPLICATE_METHOD_MATCH = YES;
				COPY_PHASE_STRIP = NO;
				DEBUG_INFORMATION_FORMAT = "dwarf-with-dsym";
				ENABLE_NS_ASSERTIONS = NO;
				ENABLE_STRICT_OBJC_MSGSEND = YES;
				GCC_C_LANGUAGE_STANDARD = gnu11;
				GCC_NO_COMMON_BLOCKS = YES;
				GCC_WARN_64_TO_32_BIT_CONVERSION = YES;
				GCC_WARN_ABOUT_RETURN_TYPE = YES_ERROR;
				GCC_WARN_UNDECLARED_SELECTOR = YES;
				GCC_WARN_UNINITIALIZED_AUTOS = YES_AGGRESSIVE;
				GCC_WARN_UNUSED_FUNCTION = YES;
				GCC_WARN_UNUSED_VARIABLE = YES;
				IPHONEOS_DEPLOYMENT_TARGET = 14.3;
				MTL_ENABLE_DEBUG_INFO = NO;
				MTL_FAST_MATH = YES;
				SDKROOT = iphoneos;
				SWIFT_COMPILATION_MODE = wholemodule;
				SWIFT_OPTIMIZATION_LEVEL = "-O";
				VALIDATE_PRODUCT = YES;
			};
			name = Release;
		};
		C59CCA23263CD6A6003B20AF /* Debug */ = {
			isa = XCBuildConfiguration;
			buildSettings = {
				ASSETCATALOG_COMPILER_APPICON_NAME = AppIcon;
				ASSETCATALOG_COMPILER_GLOBAL_ACCENT_COLOR_NAME = AccentColor;
				CODE_SIGN_STYLE = Automatic;
				INFOPLIST_FILE = "Carpenter-OrderOfEvents/Info.plist";
				LD_RUNPATH_SEARCH_PATHS = (
					"$(inherited)",
					"@executable_path/Frameworks",
				);
				PRODUCT_BUNDLE_IDENTIFIER = "carpenter.Carpenter-OrderOfEvents";
				PRODUCT_NAME = "$(TARGET_NAME)";
				SWIFT_VERSION = 5.0;
				TARGETED_DEVICE_FAMILY = "1,2";
			};
			name = Debug;
		};
		C59CCA24263CD6A6003B20AF /* Release */ = {
			isa = XCBuildConfiguration;
			buildSettings = {
				ASSETCATALOG_COMPILER_APPICON_NAME = AppIcon;
				ASSETCATALOG_COMPILER_GLOBAL_ACCENT_COLOR_NAME = AccentColor;
				CODE_SIGN_STYLE = Automatic;
				INFOPLIST_FILE = "Carpenter-OrderOfEvents/Info.plist";
				LD_RUNPATH_SEARCH_PATHS = (
					"$(inherited)",
					"@executable_path/Frameworks",
				);
				PRODUCT_BUNDLE_IDENTIFIER = "carpenter.Carpenter-OrderOfEvents";
				PRODUCT_NAME = "$(TARGET_NAME)";
				SWIFT_VERSION = 5.0;
				TARGETED_DEVICE_FAMILY = "1,2";
			};
			name = Release;
		};
/* End XCBuildConfiguration section */

/* Begin XCConfigurationList section */
		C59CCA09263CD6A4003B20AF /* Build configuration list for PBXProject "Carpenter-OrderOfEvents" */ = {
			isa = XCConfigurationList;
			buildConfigurations = (
				C59CCA20263CD6A6003B20AF /* Debug */,
				C59CCA21263CD6A6003B20AF /* Release */,
			);
			defaultConfigurationIsVisible = 0;
			defaultConfigurationName = Release;
		};
		C59CCA22263CD6A6003B20AF /* Build configuration list for PBXNativeTarget "Carpenter-OrderOfEvents" */ = {
			isa = XCConfigurationList;
			buildConfigurations = (
				C59CCA23263CD6A6003B20AF /* Debug */,
				C59CCA24263CD6A6003B20AF /* Release */,
			);
			defaultConfigurationIsVisible = 0;
			defaultConfigurationName = Release;
		};
/* End XCConfigurationList section */
	};
	rootObject = C59CCA06263CD6A4003B20AF /* Project object */;
}
