// !$*UTF8*$!
{
	archiveVersion = 1;
	classes = {
	};
	objectVersion = 50;
	objects = {

/* Begin PBXBuildFile section */
		C552DEA62613D85000093C60 /* AppDelegate.swift in Sources */ = {isa = PBXBuildFile; fileRef = C552DEA52613D85000093C60 /* AppDelegate.swift */; };
		C552DEA82613D85000093C60 /* SceneDelegate.swift in Sources */ = {isa = PBXBuildFile; fileRef = C552DEA72613D85000093C60 /* SceneDelegate.swift */; };
		C552DEAA2613D85000093C60 /* ViewController.swift in Sources */ = {isa = PBXBuildFile; fileRef = C552DEA92613D85000093C60 /* ViewController.swift */; };
		C552DEAD2613D85000093C60 /* Main.storyboard in Resources */ = {isa = PBXBuildFile; fileRef = C552DEAB2613D85000093C60 /* Main.storyboard */; };
		C552DEAF2613D85100093C60 /* Assets.xcassets in Resources */ = {isa = PBXBuildFile; fileRef = C552DEAE2613D85100093C60 /* Assets.xcassets */; };
		C552DEB22613D85100093C60 /* LaunchScreen.storyboard in Resources */ = {isa = PBXBuildFile; fileRef = C552DEB02613D85100093C60 /* LaunchScreen.storyboard */; };
		C5D5B5F6261764A4002C6839 /* Game.swift in Sources */ = {isa = PBXBuildFile; fileRef = C5D5B5F5261764A4002C6839 /* Game.swift */; };
/* End PBXBuildFile section */

/* Begin PBXFileReference section */
		C552DEA22613D85000093C60 /* Carpenter_ApplePie.app */ = {isa = PBXFileReference; explicitFileType = wrapper.application; includeInIndex = 0; path = Carpenter_ApplePie.app; sourceTree = BUILT_PRODUCTS_DIR; };
		C552DEA52613D85000093C60 /* AppDelegate.swift */ = {isa = PBXFileReference; lastKnownFileType = sourcecode.swift; path = AppDelegate.swift; sourceTree = "<group>"; };
		C552DEA72613D85000093C60 /* SceneDelegate.swift */ = {isa = PBXFileReference; lastKnownFileType = sourcecode.swift; path = SceneDelegate.swift; sourceTree = "<group>"; };
		C552DEA92613D85000093C60 /* ViewController.swift */ = {isa = PBXFileReference; lastKnownFileType = sourcecode.swift; path = ViewController.swift; sourceTree = "<group>"; };
		C552DEAC2613D85000093C60 /* Base */ = {isa = PBXFileReference; lastKnownFileType = file.storyboard; name = Base; path = Base.lproj/Main.storyboard; sourceTree = "<group>"; };
		C552DEAE2613D85100093C60 /* Assets.xcassets */ = {isa = PBXFileReference; lastKnownFileType = folder.assetcatalog; path = Assets.xcassets; sourceTree = "<group>"; };
		C552DEB12613D85100093C60 /* Base */ = {isa = PBXFileReference; lastKnownFileType = file.storyboard; name = Base; path = Base.lproj/LaunchScreen.storyboard; sourceTree = "<group>"; };
		C552DEB32613D85100093C60 /* Info.plist */ = {isa = PBXFileReference; lastKnownFileType = text.plist.xml; path = Info.plist; sourceTree = "<group>"; };
		C5D5B5F5261764A4002C6839 /* Game.swift */ = {isa = PBXFileReference; lastKnownFileType = sourcecode.swift; path = Game.swift; sourceTree = "<group>"; };
/* End PBXFileReference section */

/* Begin PBXFrameworksBuildPhase section */
		C552DE9F2613D85000093C60 /* Frameworks */ = {
			isa = PBXFrameworksBuildPhase;
			buildActionMask = 2147483647;
			files = (
			);
			runOnlyForDeploymentPostprocessing = 0;
		};
/* End PBXFrameworksBuildPhase section */

/* Begin PBXGroup section */
		C552DE992613D85000093C60 = {
			isa = PBXGroup;
			children = (
				C552DEA42613D85000093C60 /* Carpenter_ApplePie */,
				C552DEA32613D85000093C60 /* Products */,
			);
			sourceTree = "<group>";
		};
		C552DEA32613D85000093C60 /* Products */ = {
			isa = PBXGroup;
			children = (
				C552DEA22613D85000093C60 /* Carpenter_ApplePie.app */,
			);
			name = Products;
			sourceTree = "<group>";
		};
		C552DEA42613D85000093C60 /* Carpenter_ApplePie */ = {
			isa = PBXGroup;
			children = (
				C552DEA52613D85000093C60 /* AppDelegate.swift */,
				C552DEA72613D85000093C60 /* SceneDelegate.swift */,
				C552DEA92613D85000093C60 /* ViewController.swift */,
				C552DEAB2613D85000093C60 /* Main.storyboard */,
				C5D5B5F5261764A4002C6839 /* Game.swift */,
				C552DEAE2613D85100093C60 /* Assets.xcassets */,
				C552DEB02613D85100093C60 /* LaunchScreen.storyboard */,
				C552DEB32613D85100093C60 /* Info.plist */,
			);
			path = Carpenter_ApplePie;
			sourceTree = "<group>";
		};
/* End PBXGroup section */

/* Begin PBXNativeTarget section */
		C552DEA12613D85000093C60 /* Carpenter_ApplePie */ = {
			isa = PBXNativeTarget;
			buildConfigurationList = C552DEB62613D85100093C60 /* Build configuration list for PBXNativeTarget "Carpenter_ApplePie" */;
			buildPhases = (
				C552DE9E2613D85000093C60 /* Sources */,
				C552DE9F2613D85000093C60 /* Frameworks */,
				C552DEA02613D85000093C60 /* Resources */,
			);
			buildRules = (
			);
			dependencies = (
			);
			name = Carpenter_ApplePie;
			productName = Carpenter_ApplePie;
			productReference = C552DEA22613D85000093C60 /* Carpenter_ApplePie.app */;
			productType = "com.apple.product-type.application";
		};
/* End PBXNativeTarget section */

/* Begin PBXProject section */
		C552DE9A2613D85000093C60 /* Project object */ = {
			isa = PBXProject;
			attributes = {
				LastSwiftUpdateCheck = 1230;
				LastUpgradeCheck = 1230;
				TargetAttributes = {
					C552DEA12613D85000093C60 = {
						CreatedOnToolsVersion = 12.3;
					};
				};
			};
			buildConfigurationList = C552DE9D2613D85000093C60 /* Build configuration list for PBXProject "Carpenter_ApplePie" */;
			compatibilityVersion = "Xcode 9.3";
			developmentRegion = en;
			hasScannedForEncodings = 0;
			knownRegions = (
				en,
				Base,
			);
			mainGroup = C552DE992613D85000093C60;
			productRefGroup = C552DEA32613D85000093C60 /* Products */;
			projectDirPath = "";
			projectRoot = "";
			targets = (
				C552DEA12613D85000093C60 /* Carpenter_ApplePie */,
			);
		};
/* End PBXProject section */

/* Begin PBXResourcesBuildPhase section */
		C552DEA02613D85000093C60 /* Resources */ = {
			isa = PBXResourcesBuildPhase;
			buildActionMask = 2147483647;
			files = (
				C552DEB22613D85100093C60 /* LaunchScreen.storyboard in Resources */,
				C552DEAF2613D85100093C60 /* Assets.xcassets in Resources */,
				C552DEAD2613D85000093C60 /* Main.storyboard in Resources */,
			);
			runOnlyForDeploymentPostprocessing = 0;
		};
/* End PBXResourcesBuildPhase section */

/* Begin PBXSourcesBuildPhase section */
		C552DE9E2613D85000093C60 /* Sources */ = {
			isa = PBXSourcesBuildPhase;
			buildActionMask = 2147483647;
			files = (
				C552DEAA2613D85000093C60 /* ViewController.swift in Sources */,
				C552DEA62613D85000093C60 /* AppDelegate.swift in Sources */,
				C552DEA82613D85000093C60 /* SceneDelegate.swift in Sources */,
				C5D5B5F6261764A4002C6839 /* Game.swift in Sources */,
			);
			runOnlyForDeploymentPostprocessing = 0;
		};
/* End PBXSourcesBuildPhase section */

/* Begin PBXVariantGroup section */
		C552DEAB2613D85000093C60 /* Main.storyboard */ = {
			isa = PBXVariantGroup;
			children = (
				C552DEAC2613D85000093C60 /* Base */,
			);
			name = Main.storyboard;
			sourceTree = "<group>";
		};
		C552DEB02613D85100093C60 /* LaunchScreen.storyboard */ = {
			isa = PBXVariantGroup;
			children = (
				C552DEB12613D85100093C60 /* Base */,
			);
			name = LaunchScreen.storyboard;
			sourceTree = "<group>";
		};
/* End PBXVariantGroup section */

/* Begin XCBuildConfiguration section */
		C552DEB42613D85100093C60 /* Debug */ = {
			isa = XCBuildConfiguration;
			buildSettings = {
				ALWAYS_SEARCH_USER_PATHS = NO;
				CLANG_ANALYZER_NONNULL = YES;
				CLANG_ANALYZER_NUMBER_OBJECT_CONVERSION = YES_AGGRESSIVE;
				CLANG_CXX_LANGUAGE_STANDARD = "gnu++14";
				CLANG_CXX_LIBRARY = "libc++";
				CLANG_ENABLE_MODULES = YES;
				CLANG_ENABLE_OBJC_ARC = YES;
				CLANG_ENABLE_OBJC_WEAK = YES;
				CLANG_WARN_BLOCK_CAPTURE_AUTORELEASING = YES;
				CLANG_WARN_BOOL_CONVERSION = YES;
				CLANG_WARN_COMMA = YES;
				CLANG_WARN_CONSTANT_CONVERSION = YES;
				CLANG_WARN_DEPRECATED_OBJC_IMPLEMENTATIONS = YES;
				CLANG_WARN_DIRECT_OBJC_ISA_USAGE = YES_ERROR;
				CLANG_WARN_DOCUMENTATION_COMMENTS = YES;
				CLANG_WARN_EMPTY_BODY = YES;
				CLANG_WARN_ENUM_CONVERSION = YES;
				CLANG_WARN_INFINITE_RECURSION = YES;
				CLANG_WARN_INT_CONVERSION = YES;
				CLANG_WARN_NON_LITERAL_NULL_CONVERSION = YES;
				CLANG_WARN_OBJC_IMPLICIT_RETAIN_SELF = YES;
				CLANG_WARN_OBJC_LITERAL_CONVERSION = YES;
				CLANG_WARN_OBJC_ROOT_CLASS = YES_ERROR;
				CLANG_WARN_QUOTED_INCLUDE_IN_FRAMEWORK_HEADER = YES;
				CLANG_WARN_RANGE_LOOP_ANALYSIS = YES;
				CLANG_WARN_STRICT_PROTOTYPES = YES;
				CLANG_WARN_SUSPICIOUS_MOVE = YES;
				CLANG_WARN_UNGUARDED_AVAILABILITY = YES_AGGRESSIVE;
				CLANG_WARN_UNREACHABLE_CODE = YES;
				CLANG_WARN__DUPLICATE_METHOD_MATCH = YES;
				COPY_PHASE_STRIP = NO;
				DEBUG_INFORMATION_FORMAT = dwarf;
				ENABLE_STRICT_OBJC_MSGSEND = YES;
				ENABLE_TESTABILITY = YES;
				GCC_C_LANGUAGE_STANDARD = gnu11;
				GCC_DYNAMIC_NO_PIC = NO;
				GCC_NO_COMMON_BLOCKS = YES;
				GCC_OPTIMIZATION_LEVEL = 0;
				GCC_PREPROCESSOR_DEFINITIONS = (
					"DEBUG=1",
					"$(inherited)",
				);
				GCC_WARN_64_TO_32_BIT_CONVERSION = YES;
				GCC_WARN_ABOUT_RETURN_TYPE = YES_ERROR;
				GCC_WARN_UNDECLARED_SELECTOR = YES;
				GCC_WARN_UNINITIALIZED_AUTOS = YES_AGGRESSIVE;
				GCC_WARN_UNUSED_FUNCTION = YES;
				GCC_WARN_UNUSED_VARIABLE = YES;
				IPHONEOS_DEPLOYMENT_TARGET = 14.3;
				MTL_ENABLE_DEBUG_INFO = INCLUDE_SOURCE;
				MTL_FAST_MATH = YES;
				ONLY_ACTIVE_ARCH = YES;
				SDKROOT = iphoneos;
				SWIFT_ACTIVE_COMPILATION_CONDITIONS = DEBUG;
				SWIFT_OPTIMIZATION_LEVEL = "-Onone";
			};
			name = Debug;
		};
		C552DEB52613D85100093C60 /* Release */ = {
			isa = XCBuildConfiguration;
			buildSettings = {
				ALWAYS_SEARCH_USER_PATHS = NO;
				CLANG_ANALYZER_NONNULL = YES;
				CLANG_ANALYZER_NUMBER_OBJECT_CONVERSION = YES_AGGRESSIVE;
				CLANG_CXX_LANGUAGE_STANDARD = "gnu++14";
				CLANG_CXX_LIBRARY = "libc++";
				CLANG_ENABLE_MODULES = YES;
				CLANG_ENABLE_OBJC_ARC = YES;
				CLANG_ENABLE_OBJC_WEAK = YES;
				CLANG_WARN_BLOCK_CAPTURE_AUTORELEASING = YES;
				CLANG_WARN_BOOL_CONVERSION = YES;
				CLANG_WARN_COMMA = YES;
				CLANG_WARN_CONSTANT_CONVERSION = YES;
				CLANG_WARN_DEPRECATED_OBJC_IMPLEMENTATIONS = YES;
				CLANG_WARN_DIRECT_OBJC_ISA_USAGE = YES_ERROR;
				CLANG_WARN_DOCUMENTATION_COMMENTS = YES;
				CLANG_WARN_EMPTY_BODY = YES;
				CLANG_WARN_ENUM_CONVERSION = YES;
				CLANG_WARN_INFINITE_RECURSION = YES;
				CLANG_WARN_INT_CONVERSION = YES;
				CLANG_WARN_NON_LITERAL_NULL_CONVERSION = YES;
				CLANG_WARN_OBJC_IMPLICIT_RETAIN_SELF = YES;
				CLANG_WARN_OBJC_LITERAL_CONVERSION = YES;
				CLANG_WARN_OBJC_ROOT_CLASS = YES_ERROR;
				CLANG_WARN_QUOTED_INCLUDE_IN_FRAMEWORK_HEADER = YES;
				CLANG_WARN_RANGE_LOOP_ANALYSIS = YES;
				CLANG_WARN_STRICT_PROTOTYPES = YES;
				CLANG_WARN_SUSPICIOUS_MOVE = YES;
				CLANG_WARN_UNGUARDED_AVAILABILITY = YES_AGGRESSIVE;
				CLANG_WARN_UNREACHABLE_CODE = YES;
				CLANG_WARN__DUPLICATE_METHOD_MATCH = YES;
				COPY_PHASE_STRIP = NO;
				DEBUG_INFORMATION_FORMAT = "dwarf-with-dsym";
				ENABLE_NS_ASSERTIONS = NO;
				ENABLE_STRICT_OBJC_MSGSEND = YES;
				GCC_C_LANGUAGE_STANDARD = gnu11;
				GCC_NO_COMMON_BLOCKS = YES;
				GCC_WARN_64_TO_32_BIT_CONVERSION = YES;
				GCC_WARN_ABOUT_RETURN_TYPE = YES_ERROR;
				GCC_WARN_UNDECLARED_SELECTOR = YES;
				GCC_WARN_UNINITIALIZED_AUTOS = YES_AGGRESSIVE;
				GCC_WARN_UNUSED_FUNCTION = YES;
				GCC_WARN_UNUSED_VARIABLE = YES;
				IPHONEOS_DEPLOYMENT_TARGET = 14.3;
				MTL_ENABLE_DEBUG_INFO = NO;
				MTL_FAST_MATH = YES;
				SDKROOT = iphoneos;
				SWIFT_COMPILATION_MODE = wholemodule;
				SWIFT_OPTIMIZATION_LEVEL = "-O";
				VALIDATE_PRODUCT = YES;
			};
			name = Release;
		};
		C552DEB72613D85100093C60 /* Debug */ = {
			isa = XCBuildConfiguration;
			buildSettings = {
				ASSETCATALOG_COMPILER_APPICON_NAME = AppIcon;
				ASSETCATALOG_COMPILER_GLOBAL_ACCENT_COLOR_NAME = AccentColor;
				CODE_SIGN_STYLE = Automatic;
				INFOPLIST_FILE = Carpenter_ApplePie/Info.plist;
				LD_RUNPATH_SEARCH_PATHS = (
					"$(inherited)",
					"@executable_path/Frameworks",
				);
				PRODUCT_BUNDLE_IDENTIFIER = "carpenter.Carpenter-ApplePie";
				PRODUCT_NAME = "$(TARGET_NAME)";
				SWIFT_VERSION = 5.0;
				TARGETED_DEVICE_FAMILY = 2;
			};
			name = Debug;
		};
		C552DEB82613D85100093C60 /* Release */ = {
			isa = XCBuildConfiguration;
			buildSettings = {
				ASSETCATALOG_COMPILER_APPICON_NAME = AppIcon;
				ASSETCATALOG_COMPILER_GLOBAL_ACCENT_COLOR_NAME = AccentColor;
				CODE_SIGN_STYLE = Automatic;
				INFOPLIST_FILE = Carpenter_ApplePie/Info.plist;
				LD_RUNPATH_SEARCH_PATHS = (
					"$(inherited)",
					"@executable_path/Frameworks",
				);
				PRODUCT_BUNDLE_IDENTIFIER = "carpenter.Carpenter-ApplePie";
				PRODUCT_NAME = "$(TARGET_NAME)";
				SWIFT_VERSION = 5.0;
				TARGETED_DEVICE_FAMILY = 2;
			};
			name = Release;
		};
/* End XCBuildConfiguration section */

/* Begin XCConfigurationList section */
		C552DE9D2613D85000093C60 /* Build configuration list for PBXProject "Carpenter_ApplePie" */ = {
			isa = XCConfigurationList;
			buildConfigurations = (
				C552DEB42613D85100093C60 /* Debug */,
				C552DEB52613D85100093C60 /* Release */,
			);
			defaultConfigurationIsVisible = 0;
			defaultConfigurationName = Release;
		};
		C552DEB62613D85100093C60 /* Build configuration list for PBXNativeTarget "Carpenter_ApplePie" */ = {
			isa = XCConfigurationList;
			buildConfigurations = (
				C552DEB72613D85100093C60 /* Debug */,
				C552DEB82613D85100093C60 /* Release */,
			);
			defaultConfigurationIsVisible = 0;
			defaultConfigurationName = Release;
		};
/* End XCConfigurationList section */
	};
	rootObject = C552DE9A2613D85000093C60 /* Project object */;
}
